
Microsoft Visual Studio Solution File, Format Version 12.00
# Visual Studio Version 17
VisualStudioVersion = 17.0.32014.148
MinimumVisualStudioVersion = 10.0.40219.1
Project("{FAE04EC0-301F-11D3-BF4B-00C04F79EFBC}") = "Project01", "Project01\Project01.csproj", "{E6C83429-86EC-4ADD-A64A-7F3C2532C26A}"
EndProject
Global
	GlobalSection(SolutionConfigurationPlatforms) = preSolution
		Debug|Any CPU = Debug|Any CPU
		Release|Any CPU = Release|Any CPU
	EndGlobalSection
	GlobalSection(ProjectConfigurationPlatforms) = postSolution
		{E6C83429-86EC-4ADD-A64A-7F3C2532C26A}.Debug|Any CPU.ActiveCfg = Debug|Any CPU
		{E6C83429-86EC-4ADD-A64A-7F3C2532C26A}.Debug|Any CPU.Build.0 = Debug|Any CPU
		{E6C83429-86EC-4ADD-A64A-7F3C2532C26A}.Release|Any CPU.ActiveCfg = Release|Any CPU
		{E6C83429-86EC-4ADD-A64A-7F3C2532C26A}.Release|Any CPU.Build.0 = Release|Any CPU
	EndGlobalSection
	GlobalSection(SolutionProperties) = preSolution
		HideSolutionNode = FALSE
	EndGlobalSection
	GlobalSection(ExtensibilityGlobals) = postSolution
		SolutionGuid = {DF8BC90B-4144-40E9-8AF9-B19C1633FCAB}
	EndGlobalSection
EndGlobal
